
Microsoft Visual Studio Solution File, Format Version 12.00
# Visual Studio Version 17
VisualStudioVersion = 17.10.35122.118
MinimumVisualStudioVersion = 10.0.40219.1
Project("{FAE04EC0-301F-11D3-BF4B-00C04F79EFBC}") = "TDDSI.RESTAURANT.BACKEND.Api", "TDDSI.RESTAURANT.BACKEND\TDDSI.RESTAURANT.BACKEND.Api\TDDSI.RESTAURANT.BACKEND.Api.csproj", "{671FDE9E-3CAF-4B3B-9992-2B0937F29F83}"
EndProject
Project("{FAE04EC0-301F-11D3-BF4B-00C04F79EFBC}") = "TDDSI.RESTAURANT.BACKEND.Api.Tests", "TDDSI.RESTAURANT.BACKEND\TDDSI.RESTAURANT.BACKEND.Api.Tests\TDDSI.RESTAURANT.BACKEND.Api.Tests.csproj", "{10180310-7536-4464-A1C0-1080A04F3DCE}"
EndProject
Project("{FAE04EC0-301F-11D3-BF4B-00C04F79EFBC}") = "TDDSI.RESTAURANT.BACKEND.Application", "TDDSI.RESTAURANT.BACKEND\TDDSI.RESTAURANT.BACKEND.Application\TDDSI.RESTAURANT.BACKEND.Application.csproj", "{27A3BD76-7EE3-41BE-80C3-3AAF09970B6B}"
EndProject
Project("{FAE04EC0-301F-11D3-BF4B-00C04F79EFBC}") = "TDDSI.RESTAURANT.BACKEND.Domain", "TDDSI.RESTAURANT.BACKEND\TDDSI.RESTAURANT.BACKEND.Domain\TDDSI.RESTAURANT.BACKEND.Domain.csproj", "{7A3ABA93-E8C4-45DD-93A0-4F98274EFDFC}"
EndProject
Project("{FAE04EC0-301F-11D3-BF4B-00C04F79EFBC}") = "TDDSI.RESTAURANT.BACKEND.Domain.Tests", "TDDSI.RESTAURANT.BACKEND\TDDSI.RESTAURANT.BACKEND.Domain.Tests\TDDSI.RESTAURANT.BACKEND.Domain.Tests.csproj", "{E9C55039-F122-4521-9D69-5E86EBE33171}"
EndProject
Project("{FAE04EC0-301F-11D3-BF4B-00C04F79EFBC}") = "TDDSI.RESTAURANT.BACKEND.Infrastructure", "TDDSI.RESTAURANT.BACKEND\TDDSI.RESTAURANT.BACKEND.Infrastructure\TDDSI.RESTAURANT.BACKEND.Infrastructure.csproj", "{894C798A-1AB9-429F-A4A9-74D37648E399}"
EndProject
Project("{FAE04EC0-301F-11D3-BF4B-00C04F79EFBC}") = "TDDSI.RESTAURANT.BACKEND.Infrastructure.PostgreSql", "TDDSI.RESTAURANT.BACKEND\TDDSI.RESTAURANT.BACKEND.Infrastructure.PostgreSql\TDDSI.RESTAURANT.BACKEND.Infrastructure.PostgreSql.csproj", "{0A9C9C3F-AB02-4FD7-8628-BE0681BFEAB6}"
EndProject
Global
	GlobalSection(SolutionConfigurationPlatforms) = preSolution
		Debug|Any CPU = Debug|Any CPU
		Release|Any CPU = Release|Any CPU
	EndGlobalSection
	GlobalSection(ProjectConfigurationPlatforms) = postSolution
		{671FDE9E-3CAF-4B3B-9992-2B0937F29F83}.Debug|Any CPU.ActiveCfg = Debug|Any CPU
		{671FDE9E-3CAF-4B3B-9992-2B0937F29F83}.Debug|Any CPU.Build.0 = Debug|Any CPU
		{671FDE9E-3CAF-4B3B-9992-2B0937F29F83}.Release|Any CPU.ActiveCfg = Release|Any CPU
		{671FDE9E-3CAF-4B3B-9992-2B0937F29F83}.Release|Any CPU.Build.0 = Release|Any CPU
		{10180310-7536-4464-A1C0-1080A04F3DCE}.Debug|Any CPU.ActiveCfg = Debug|Any CPU
		{10180310-7536-4464-A1C0-1080A04F3DCE}.Debug|Any CPU.Build.0 = Debug|Any CPU
		{10180310-7536-4464-A1C0-1080A04F3DCE}.Release|Any CPU.ActiveCfg = Release|Any CPU
		{10180310-7536-4464-A1C0-1080A04F3DCE}.Release|Any CPU.Build.0 = Release|Any CPU
		{27A3BD76-7EE3-41BE-80C3-3AAF09970B6B}.Debug|Any CPU.ActiveCfg = Debug|Any CPU
		{27A3BD76-7EE3-41BE-80C3-3AAF09970B6B}.Debug|Any CPU.Build.0 = Debug|Any CPU
		{27A3BD76-7EE3-41BE-80C3-3AAF09970B6B}.Release|Any CPU.ActiveCfg = Release|Any CPU
		{27A3BD76-7EE3-41BE-80C3-3AAF09970B6B}.Release|Any CPU.Build.0 = Release|Any CPU
		{7A3ABA93-E8C4-45DD-93A0-4F98274EFDFC}.Debug|Any CPU.ActiveCfg = Debug|Any CPU
		{7A3ABA93-E8C4-45DD-93A0-4F98274EFDFC}.Debug|Any CPU.Build.0 = Debug|Any CPU
		{7A3ABA93-E8C4-45DD-93A0-4F98274EFDFC}.Release|Any CPU.ActiveCfg = Release|Any CPU
		{7A3ABA93-E8C4-45DD-93A0-4F98274EFDFC}.Release|Any CPU.Build.0 = Release|Any CPU
		{E9C55039-F122-4521-9D69-5E86EBE33171}.Debug|Any CPU.ActiveCfg = Debug|Any CPU
		{E9C55039-F122-4521-9D69-5E86EBE33171}.Debug|Any CPU.Build.0 = Debug|Any CPU
		{E9C55039-F122-4521-9D69-5E86EBE33171}.Release|Any CPU.ActiveCfg = Release|Any CPU
		{E9C55039-F122-4521-9D69-5E86EBE33171}.Release|Any CPU.Build.0 = Release|Any CPU
		{894C798A-1AB9-429F-A4A9-74D37648E399}.Debug|Any CPU.ActiveCfg = Debug|Any CPU
		{894C798A-1AB9-429F-A4A9-74D37648E399}.Debug|Any CPU.Build.0 = Debug|Any CPU
		{894C798A-1AB9-429F-A4A9-74D37648E399}.Release|Any CPU.ActiveCfg = Release|Any CPU
		{894C798A-1AB9-429F-A4A9-74D37648E399}.Release|Any CPU.Build.0 = Release|Any CPU
		{0A9C9C3F-AB02-4FD7-8628-BE0681BFEAB6}.Debug|Any CPU.ActiveCfg = Debug|Any CPU
		{0A9C9C3F-AB02-4FD7-8628-BE0681BFEAB6}.Debug|Any CPU.Build.0 = Debug|Any CPU
		{0A9C9C3F-AB02-4FD7-8628-BE0681BFEAB6}.Release|Any CPU.ActiveCfg = Release|Any CPU
		{0A9C9C3F-AB02-4FD7-8628-BE0681BFEAB6}.Release|Any CPU.Build.0 = Release|Any CPU
	EndGlobalSection
	GlobalSection(SolutionProperties) = preSolution
		HideSolutionNode = FALSE
	EndGlobalSection
	GlobalSection(ExtensibilityGlobals) = postSolution
		SolutionGuid = {CBCD0189-7379-46FC-8394-E69EAA90A241}
	EndGlobalSection
EndGlobal
